
Microsoft Visual Studio Solution File, Format Version 12.00
# Visual Studio Version 16
VisualStudioVersion = 16.0.31624.102
MinimumVisualStudioVersion = 10.0.40219.1
Project("{FAE04EC0-301F-11D3-BF4B-00C04F79EFBC}") = "ShoppingCart.Web", "ShoppingCart.Web\ShoppingCart.Web.csproj", "{ED212636-2347-49EA-BF60-B8DD6A0242F9}"
EndProject
Project("{FAE04EC0-301F-11D3-BF4B-00C04F79EFBC}") = "ShoppingCart.Models", "ShoppingCart.Models\ShoppingCart.Models.csproj", "{220C9ABF-7821-4570-81C7-64BF0AD6EBE5}"
EndProject
Project("{FAE04EC0-301F-11D3-BF4B-00C04F79EFBC}") = "ShoppingCart.Utility", "ShoppingCart.Utility\ShoppingCart.Utility.csproj", "{5AE572D8-F341-4C71-BF03-4E6CF03241C1}"
EndProject
Project("{FAE04EC0-301F-11D3-BF4B-00C04F79EFBC}") = "ShoppingCart.DataAccess", "ShoppingCart.DataAccess\ShoppingCart.DataAccess.csproj", "{D06FD320-B375-4D0B-B6BF-5642AC1586C3}"
EndProject
Global
	GlobalSection(SolutionConfigurationPlatforms) = preSolution
		Debug|Any CPU = Debug|Any CPU
		Release|Any CPU = Release|Any CPU
	EndGlobalSection
	GlobalSection(ProjectConfigurationPlatforms) = postSolution
		{ED212636-2347-49EA-BF60-B8DD6A0242F9}.Debug|Any CPU.ActiveCfg = Debug|Any CPU
		{ED212636-2347-49EA-BF60-B8DD6A0242F9}.Debug|Any CPU.Build.0 = Debug|Any CPU
		{ED212636-2347-49EA-BF60-B8DD6A0242F9}.Release|Any CPU.ActiveCfg = Release|Any CPU
		{ED212636-2347-49EA-BF60-B8DD6A0242F9}.Release|Any CPU.Build.0 = Release|Any CPU
		{220C9ABF-7821-4570-81C7-64BF0AD6EBE5}.Debug|Any CPU.ActiveCfg = Debug|Any CPU
		{220C9ABF-7821-4570-81C7-64BF0AD6EBE5}.Debug|Any CPU.Build.0 = Debug|Any CPU
		{220C9ABF-7821-4570-81C7-64BF0AD6EBE5}.Release|Any CPU.ActiveCfg = Release|Any CPU
		{220C9ABF-7821-4570-81C7-64BF0AD6EBE5}.Release|Any CPU.Build.0 = Release|Any CPU
		{5AE572D8-F341-4C71-BF03-4E6CF03241C1}.Debug|Any CPU.ActiveCfg = Debug|Any CPU
		{5AE572D8-F341-4C71-BF03-4E6CF03241C1}.Debug|Any CPU.Build.0 = Debug|Any CPU
		{5AE572D8-F341-4C71-BF03-4E6CF03241C1}.Release|Any CPU.ActiveCfg = Release|Any CPU
		{5AE572D8-F341-4C71-BF03-4E6CF03241C1}.Release|Any CPU.Build.0 = Release|Any CPU
		{D06FD320-B375-4D0B-B6BF-5642AC1586C3}.Debug|Any CPU.ActiveCfg = Debug|Any CPU
		{D06FD320-B375-4D0B-B6BF-5642AC1586C3}.Debug|Any CPU.Build.0 = Debug|Any CPU
		{D06FD320-B375-4D0B-B6BF-5642AC1586C3}.Release|Any CPU.ActiveCfg = Release|Any CPU
		{D06FD320-B375-4D0B-B6BF-5642AC1586C3}.Release|Any CPU.Build.0 = Release|Any CPU
	EndGlobalSection
	GlobalSection(SolutionProperties) = preSolution
		HideSolutionNode = FALSE
	EndGlobalSection
	GlobalSection(ExtensibilityGlobals) = postSolution
		SolutionGuid = {2F401CA6-A3CF-4508-9475-8CCAF3FF267F}
	EndGlobalSection
EndGlobal
